<?xml version="1.0" encoding="utf-8"?>
<Project ToolsVersion="4.0" xmlns="http://schemas.microsoft.com/developer/msbuild/2003">
  <ItemGroup>
    <Filter Include="Source">
      <UniqueIdentifier>{0a319ce9-3aaf-4de1-b44e-81e45a8efa34}</UniqueIdentifier>
    </Filter>
    <Filter Include="Source\ECS">
      <UniqueIdentifier>{4a6f11e9-3dfd-4b12-bdf2-82db7de8ab1b}</UniqueIdentifier>
    </Filter>
    <Filter Include="Source\TestingClass">
      <UniqueIdentifier>{9383e002-4f8e-4850-aa2e-f2f7610e96d0}</UniqueIdentifier>
    </Filter>
  </ItemGroup>
  <ItemGroup>
    <ClInclude Include="Source\ECS\Entity.h">
      <Filter>Source\ECS</Filter>
    </ClInclude>
    <ClInclude Include="TestingClass.h">
      <Filter>Source\TestingClass</Filter>
    </ClInclude>
    <ClInclude Include="Source\ECS\Component.h">
      <Filter>Source\ECS</Filter>
    </ClInclude>
    <ClInclude Include="Source\ECS\Signature.h">
      <Filter>Source\ECS</Filter>
    </ClInclude>
    <ClInclude Include="Source\ECS\EntityManager.h">
      <Filter>Source\ECS</Filter>
    </ClInclude>
    <ClInclude Include="Source\ECS\ComponentArray.h">
      <Filter>Source\ECS</Filter>
    </ClInclude>
    <ClInclude Include="Source\ECS\ComponentManager.h">
      <Filter>Source\ECS</Filter>
    </ClInclude>
  </ItemGroup>
  <ItemGroup>
    <ClCompile Include="Source\main.cpp">
      <Filter>Source</Filter>
    </ClCompile>
    <ClCompile Include="TestingClass.cpp">
      <Filter>Source\TestingClass</Filter>
    </ClCompile>
    <ClCompile Include="Source\ECS\EntityManager.cpp">
      <Filter>Source\ECS</Filter>
    </ClCompile>
    <ClCompile Include="Source\ECS\ComponentManager.cpp">
      <Filter>Source\ECS</Filter>
    </ClCompile>
  </ItemGroup>
</Project>